
Microsoft Visual Studio Solution File, Format Version 12.00
# Visual Studio 15
VisualStudioVersion = 15.0.27130.0
MinimumVisualStudioVersion = 10.0.40219.1
Project("{FAE04EC0-301F-11D3-BF4B-00C04F79EFBC}") = "CSharpHomeCase8_2", "CSharpHomeCase8_2.csproj", "{D568D349-D137-4388-AFA5-7184DCF33E30}"
EndProject
Global
	GlobalSection(SolutionConfigurationPlatforms) = preSolution
		Debug|Any CPU = Debug|Any CPU
		Release|Any CPU = Release|Any CPU
	EndGlobalSection
	GlobalSection(ProjectConfigurationPlatforms) = postSolution
		{D568D349-D137-4388-AFA5-7184DCF33E30}.Debug|Any CPU.ActiveCfg = Debug|Any CPU
		{D568D349-D137-4388-AFA5-7184DCF33E30}.Debug|Any CPU.Build.0 = Debug|Any CPU
		{D568D349-D137-4388-AFA5-7184DCF33E30}.Release|Any CPU.ActiveCfg = Release|Any CPU
		{D568D349-D137-4388-AFA5-7184DCF33E30}.Release|Any CPU.Build.0 = Release|Any CPU
	EndGlobalSection
	GlobalSection(SolutionProperties) = preSolution
		HideSolutionNode = FALSE
	EndGlobalSection
	GlobalSection(ExtensibilityGlobals) = postSolution
		SolutionGuid = {F38EE5CE-5519-4363-9719-62E8C47F1251}
	EndGlobalSection
EndGlobal
